# THIS IS AN AUTOGENERATED FILE. DO NOT EDIT THIS FILE DIRECTLY.
# yarn lockfile v1


"@iconify/types@^2.0.0":
  version "2.0.0"
  resolved "https://registry.yarnpkg.com/@iconify/types/-/types-2.0.0.tgz#ab0e9ea681d6c8a1214f30cd741fe3a20cc57f57"
  integrity sha512-+wluvCrRhXrhyOmRDJ3q8mux9JkKy5SJ/v8ol2tu4FVjyYvtEzkc/3pK15ET6RKg4b4w4BmTk1+gsCUhf21Ykg==

"@iconify/vue@^4.0.2":
  version "4.0.2"
  resolved "https://registry.yarnpkg.com/@iconify/vue/-/vue-4.0.2.tgz#1df557cc82a454cb2d1eb69ded1fb48b6363ef87"
  integrity sha512-LRp+mYh8N0bcX4lustHtI5o1aEoio9HN3/19uIzVOvI78qopKBjzsDK5hkEZYDSc6+LKG8hfLxTxpW8CejXGZg==
  dependencies:
    "@iconify/types" "^2.0.0"
